
Microsoft Visual Studio Solution File, Format Version 11.00
# Visual Studio 2010
Project("{2150E333-8FDC-42A3-9474-1A3956D46DE8}") = "Model", "Model", "{000279C5-3A1D-4892-A341-CD50F0614E74}"
EndProject
Project("{2150E333-8FDC-42A3-9474-1A3956D46DE8}") = "Data", "Data", "{D30290EB-E4E8-4CAD-A768-D3578F299CAC}"
EndProject
Project("{2150E333-8FDC-42A3-9474-1A3956D46DE8}") = "Services", "Services", "{0E3E6966-151B-4522-822F-CAE270FB8226}"
EndProject
Project("{2150E333-8FDC-42A3-9474-1A3956D46DE8}") = "Views", "Views", "{48D5E27E-2219-4F26-905B-1D58EA5DDF5D}"
EndProject
Project("{2150E333-8FDC-42A3-9474-1A3956D46DE8}") = "Testing", "Testing", "{2730893D-261B-4A61-8795-187F0D2CCBA2}"
EndProject
Project("{2150E333-8FDC-42A3-9474-1A3956D46DE8}") = "Framework", "Framework", "{FE0B55C6-1A75-4783-9957-61FADEF22F7E}"
EndProject
Project("{FAE04EC0-301F-11D3-BF4B-00C04F79EFBC}") = "SG.WPF", "SG.WPF\SG.WPF.csproj", "{09758771-D21E-468C-96F5-0F340E07EF74}"
EndProject
Project("{FAE04EC0-301F-11D3-BF4B-00C04F79EFBC}") = "SG.Model", "SG.Model\SG.Model.csproj", "{E270F55F-0084-4B94-B970-10B8C9093290}"
EndProject
Project("{FAE04EC0-301F-11D3-BF4B-00C04F79EFBC}") = "SG.Test", "SG.Test\SG.Test.csproj", "{1F35ADE9-9A99-418D-83DC-4E490544AB94}"
EndProject
Project("{2150E333-8FDC-42A3-9474-1A3956D46DE8}") = "Solution Items", "Solution Items", "{EC3A05EC-A002-4367-9050-A27FF9C620F8}"
	ProjectSection(SolutionItems) = preProject
		Local.testsettings = Local.testsettings
		SG.vsmdi = SG.vsmdi
		TraceAndTestImpact.testsettings = TraceAndTestImpact.testsettings
	EndProjectSection
EndProject
Project("{FAE04EC0-301F-11D3-BF4B-00C04F79EFBC}") = "SG.Mapping", "SG.Mapping\SG.Mapping.csproj", "{93EAC204-8910-45AE-95A4-DE1227ED2010}"
EndProject
Project("{FAE04EC0-301F-11D3-BF4B-00C04F79EFBC}") = "SG.SGDatabaseContext", "SG.SGDatabaseContext\SG.SGDatabaseContext.csproj", "{7109BEC9-F992-4C0B-AA4D-9E264FBF1665}"
EndProject
Project("{2150E333-8FDC-42A3-9474-1A3956D46DE8}") = "Contexts", "Contexts", "{19D5FBC9-96B5-421E-8A86-86B1ACF353F0}"
EndProject
Project("{FAE04EC0-301F-11D3-BF4B-00C04F79EFBC}") = "SG.UserBoundedContext", "SG.UserBoundedContext\SG.UserBoundedContext.csproj", "{58FCC3A6-B182-4C2B-8273-E25171ABB5BD}"
EndProject
Project("{2150E333-8FDC-42A3-9474-1A3956D46DE8}") = "Repositories", "Repositories", "{657689A6-F4A2-402E-855C-A9B3605C8199}"
EndProject
Project("{FAE04EC0-301F-11D3-BF4B-00C04F79EFBC}") = "SG.Repositories", "SG.Repositories\SG.Repositories.csproj", "{311EB88C-D755-4263-9AAB-A2A13B271E5F}"
EndProject
Project("{FAE04EC0-301F-11D3-BF4B-00C04F79EFBC}") = "SG.StateManagement", "SG.StateManagement\SG.StateManagement.csproj", "{7033BA0A-1726-4384-BE80-A0438D46A990}"
EndProject
Project("{2150E333-8FDC-42A3-9474-1A3956D46DE8}") = "Client", "Client", "{44BDBA1E-19AF-475E-8ED3-A947909D704E}"
EndProject
Project("{2150E333-8FDC-42A3-9474-1A3956D46DE8}") = "Server", "Server", "{B6D75A6F-272D-4E5B-AB76-C4028ECFC25D}"
EndProject
Project("{FAE04EC0-301F-11D3-BF4B-00C04F79EFBC}") = "SG.Services", "SG.Services\SG.Services.csproj", "{86E47361-89DF-4504-B871-661FA23A1467}"
EndProject
Project("{2150E333-8FDC-42A3-9474-1A3956D46DE8}") = "ViewModels", "ViewModels", "{0C413E9E-8881-4503-AC45-24328A11B4C0}"
EndProject
Project("{FAE04EC0-301F-11D3-BF4B-00C04F79EFBC}") = "SG.CoopBoundedContext", "SG.CoopBoundedContext\SG.CoopBoundedContext.csproj", "{3173AC21-545D-43F6-8A2B-8EF95346F959}"
EndProject
Project("{FAE04EC0-301F-11D3-BF4B-00C04F79EFBC}") = "SG.Configurations", "SG.Configurations\SG.Configurations.csproj", "{B071AAD1-9C11-44FD-9FF9-715FE83642CE}"
EndProject
Project("{FAE04EC0-301F-11D3-BF4B-00C04F79EFBC}") = "SG.ConsoleApp", "SG.ConsoleApp\SG.ConsoleApp.csproj", "{D826FBA8-9775-4565-9E58-8469DD1E82AC}"
EndProject
Project("{FAE04EC0-301F-11D3-BF4B-00C04F79EFBC}") = "SG.Logging", "SG.Logging\SG.Logging.csproj", "{88069E72-9F35-4218-850D-14329D5A7847}"
EndProject
Project("{FAE04EC0-301F-11D3-BF4B-00C04F79EFBC}") = "SG.Util", "SG.Util\SG.Util.csproj", "{102C4053-4383-4D6E-887F-7DFC5CF1CEC8}"
EndProject
Project("{2150E333-8FDC-42A3-9474-1A3956D46DE8}") = "Modules", "Modules", "{47B1B01A-1CD6-4676-BD1F-09EBB11581C9}"
EndProject
Project("{FAE04EC0-301F-11D3-BF4B-00C04F79EFBC}") = "SG.BannerModule", "SG.BannerModule\SG.BannerModule.csproj", "{209AC728-B5C5-420D-97F0-40FBB5C7377A}"
EndProject
Project("{FAE04EC0-301F-11D3-BF4B-00C04F79EFBC}") = "SG.MenuModule", "SG.MenuModule\SG.MenuModule.csproj", "{EEBB66FB-8B6F-4DDA-B820-96FBD669419D}"
EndProject
Project("{FAE04EC0-301F-11D3-BF4B-00C04F79EFBC}") = "SG.ContentModule", "SG.ContentModule\SG.ContentModule.csproj", "{6E539CF9-D532-4259-AAA1-7A3BE03E03A8}"
EndProject
Project("{FAE04EC0-301F-11D3-BF4B-00C04F79EFBC}") = "SG.SocialModule", "SG.SocialModule\SG.SocialModule.csproj", "{6BF843B2-EE5D-421F-A67A-3442B36FB890}"
EndProject
Project("{FAE04EC0-301F-11D3-BF4B-00C04F79EFBC}") = "SG.VideoModule", "SG.VideoModule\SG.VideoModule.csproj", "{524BA772-6D4E-4A94-94EB-9C63110F1A3A}"
EndProject
Project("{FAE04EC0-301F-11D3-BF4B-00C04F79EFBC}") = "SG.NUnitTests", "SG.NUnitTests\SG.NUnitTests.csproj", "{154179C0-F89C-468A-A3A6-9DCE6553BB39}"
EndProject
Project("{FAE04EC0-301F-11D3-BF4B-00C04F79EFBC}") = "SG.PriceShopModule", "SG.PriceShop\SG.PriceShopModule.csproj", "{CBCEBFF9-E053-4B4C-A20B-FFE3DA77F652}"
EndProject
Global
	GlobalSection(TestCaseManagementSettings) = postSolution
		CategoryFile = SG.vsmdi
	EndGlobalSection
	GlobalSection(SolutionConfigurationPlatforms) = preSolution
		Debug|Any CPU = Debug|Any CPU
		Debug|Mixed Platforms = Debug|Mixed Platforms
		Debug|x86 = Debug|x86
		Release|Any CPU = Release|Any CPU
		Release|Mixed Platforms = Release|Mixed Platforms
		Release|x86 = Release|x86
	EndGlobalSection
	GlobalSection(ProjectConfigurationPlatforms) = postSolution
		{09758771-D21E-468C-96F5-0F340E07EF74}.Debug|Any CPU.ActiveCfg = Debug|x86
		{09758771-D21E-468C-96F5-0F340E07EF74}.Debug|Mixed Platforms.ActiveCfg = Debug|x86
		{09758771-D21E-468C-96F5-0F340E07EF74}.Debug|Mixed Platforms.Build.0 = Debug|x86
		{09758771-D21E-468C-96F5-0F340E07EF74}.Debug|x86.ActiveCfg = Debug|x86
		{09758771-D21E-468C-96F5-0F340E07EF74}.Debug|x86.Build.0 = Debug|x86
		{09758771-D21E-468C-96F5-0F340E07EF74}.Release|Any CPU.ActiveCfg = Release|x86
		{09758771-D21E-468C-96F5-0F340E07EF74}.Release|Mixed Platforms.ActiveCfg = Release|x86
		{09758771-D21E-468C-96F5-0F340E07EF74}.Release|Mixed Platforms.Build.0 = Release|x86
		{09758771-D21E-468C-96F5-0F340E07EF74}.Release|x86.ActiveCfg = Release|x86
		{09758771-D21E-468C-96F5-0F340E07EF74}.Release|x86.Build.0 = Release|x86
		{E270F55F-0084-4B94-B970-10B8C9093290}.Debug|Any CPU.ActiveCfg = Debug|Any CPU
		{E270F55F-0084-4B94-B970-10B8C9093290}.Debug|Any CPU.Build.0 = Debug|Any CPU
		{E270F55F-0084-4B94-B970-10B8C9093290}.Debug|Mixed Platforms.ActiveCfg = Debug|Any CPU
		{E270F55F-0084-4B94-B970-10B8C9093290}.Debug|Mixed Platforms.Build.0 = Debug|Any CPU
		{E270F55F-0084-4B94-B970-10B8C9093290}.Debug|x86.ActiveCfg = Debug|Any CPU
		{E270F55F-0084-4B94-B970-10B8C9093290}.Release|Any CPU.ActiveCfg = Release|Any CPU
		{E270F55F-0084-4B94-B970-10B8C9093290}.Release|Any CPU.Build.0 = Release|Any CPU
		{E270F55F-0084-4B94-B970-10B8C9093290}.Release|Mixed Platforms.ActiveCfg = Release|Any CPU
		{E270F55F-0084-4B94-B970-10B8C9093290}.Release|Mixed Platforms.Build.0 = Release|Any CPU
		{E270F55F-0084-4B94-B970-10B8C9093290}.Release|x86.ActiveCfg = Release|Any CPU
		{1F35ADE9-9A99-418D-83DC-4E490544AB94}.Debug|Any CPU.ActiveCfg = Debug|Any CPU
		{1F35ADE9-9A99-418D-83DC-4E490544AB94}.Debug|Any CPU.Build.0 = Debug|Any CPU
		{1F35ADE9-9A99-418D-83DC-4E490544AB94}.Debug|Mixed Platforms.ActiveCfg = Debug|Any CPU
		{1F35ADE9-9A99-418D-83DC-4E490544AB94}.Debug|Mixed Platforms.Build.0 = Debug|Any CPU
		{1F35ADE9-9A99-418D-83DC-4E490544AB94}.Debug|x86.ActiveCfg = Debug|Any CPU
		{1F35ADE9-9A99-418D-83DC-4E490544AB94}.Release|Any CPU.ActiveCfg = Release|Any CPU
		{1F35ADE9-9A99-418D-83DC-4E490544AB94}.Release|Any CPU.Build.0 = Release|Any CPU
		{1F35ADE9-9A99-418D-83DC-4E490544AB94}.Release|Mixed Platforms.ActiveCfg = Release|Any CPU
		{1F35ADE9-9A99-418D-83DC-4E490544AB94}.Release|Mixed Platforms.Build.0 = Release|Any CPU
		{1F35ADE9-9A99-418D-83DC-4E490544AB94}.Release|x86.ActiveCfg = Release|Any CPU
		{93EAC204-8910-45AE-95A4-DE1227ED2010}.Debug|Any CPU.ActiveCfg = Debug|Any CPU
		{93EAC204-8910-45AE-95A4-DE1227ED2010}.Debug|Any CPU.Build.0 = Debug|Any CPU
		{93EAC204-8910-45AE-95A4-DE1227ED2010}.Debug|Mixed Platforms.ActiveCfg = Debug|Any CPU
		{93EAC204-8910-45AE-95A4-DE1227ED2010}.Debug|Mixed Platforms.Build.0 = Debug|Any CPU
		{93EAC204-8910-45AE-95A4-DE1227ED2010}.Debug|x86.ActiveCfg = Debug|Any CPU
		{93EAC204-8910-45AE-95A4-DE1227ED2010}.Release|Any CPU.ActiveCfg = Release|Any CPU
		{93EAC204-8910-45AE-95A4-DE1227ED2010}.Release|Any CPU.Build.0 = Release|Any CPU
		{93EAC204-8910-45AE-95A4-DE1227ED2010}.Release|Mixed Platforms.ActiveCfg = Release|Any CPU
		{93EAC204-8910-45AE-95A4-DE1227ED2010}.Release|Mixed Platforms.Build.0 = Release|Any CPU
		{93EAC204-8910-45AE-95A4-DE1227ED2010}.Release|x86.ActiveCfg = Release|Any CPU
		{7109BEC9-F992-4C0B-AA4D-9E264FBF1665}.Debug|Any CPU.ActiveCfg = Debug|Any CPU
		{7109BEC9-F992-4C0B-AA4D-9E264FBF1665}.Debug|Any CPU.Build.0 = Debug|Any CPU
		{7109BEC9-F992-4C0B-AA4D-9E264FBF1665}.Debug|Mixed Platforms.ActiveCfg = Debug|Any CPU
		{7109BEC9-F992-4C0B-AA4D-9E264FBF1665}.Debug|Mixed Platforms.Build.0 = Debug|Any CPU
		{7109BEC9-F992-4C0B-AA4D-9E264FBF1665}.Debug|x86.ActiveCfg = Debug|Any CPU
		{7109BEC9-F992-4C0B-AA4D-9E264FBF1665}.Release|Any CPU.ActiveCfg = Release|Any CPU
		{7109BEC9-F992-4C0B-AA4D-9E264FBF1665}.Release|Any CPU.Build.0 = Release|Any CPU
		{7109BEC9-F992-4C0B-AA4D-9E264FBF1665}.Release|Mixed Platforms.ActiveCfg = Release|Any CPU
		{7109BEC9-F992-4C0B-AA4D-9E264FBF1665}.Release|Mixed Platforms.Build.0 = Release|Any CPU
		{7109BEC9-F992-4C0B-AA4D-9E264FBF1665}.Release|x86.ActiveCfg = Release|Any CPU
		{58FCC3A6-B182-4C2B-8273-E25171ABB5BD}.Debug|Any CPU.ActiveCfg = Debug|Any CPU
		{58FCC3A6-B182-4C2B-8273-E25171ABB5BD}.Debug|Any CPU.Build.0 = Debug|Any CPU
		{58FCC3A6-B182-4C2B-8273-E25171ABB5BD}.Debug|Mixed Platforms.ActiveCfg = Debug|Any CPU
		{58FCC3A6-B182-4C2B-8273-E25171ABB5BD}.Debug|Mixed Platforms.Build.0 = Debug|Any CPU
		{58FCC3A6-B182-4C2B-8273-E25171ABB5BD}.Debug|x86.ActiveCfg = Debug|Any CPU
		{58FCC3A6-B182-4C2B-8273-E25171ABB5BD}.Release|Any CPU.ActiveCfg = Release|Any CPU
		{58FCC3A6-B182-4C2B-8273-E25171ABB5BD}.Release|Any CPU.Build.0 = Release|Any CPU
		{58FCC3A6-B182-4C2B-8273-E25171ABB5BD}.Release|Mixed Platforms.ActiveCfg = Release|Any CPU
		{58FCC3A6-B182-4C2B-8273-E25171ABB5BD}.Release|Mixed Platforms.Build.0 = Release|Any CPU
		{58FCC3A6-B182-4C2B-8273-E25171ABB5BD}.Release|x86.ActiveCfg = Release|Any CPU
		{311EB88C-D755-4263-9AAB-A2A13B271E5F}.Debug|Any CPU.ActiveCfg = Debug|Any CPU
		{311EB88C-D755-4263-9AAB-A2A13B271E5F}.Debug|Any CPU.Build.0 = Debug|Any CPU
		{311EB88C-D755-4263-9AAB-A2A13B271E5F}.Debug|Mixed Platforms.ActiveCfg = Debug|Any CPU
		{311EB88C-D755-4263-9AAB-A2A13B271E5F}.Debug|Mixed Platforms.Build.0 = Debug|Any CPU
		{311EB88C-D755-4263-9AAB-A2A13B271E5F}.Debug|x86.ActiveCfg = Debug|Any CPU
		{311EB88C-D755-4263-9AAB-A2A13B271E5F}.Release|Any CPU.ActiveCfg = Release|Any CPU
		{311EB88C-D755-4263-9AAB-A2A13B271E5F}.Release|Any CPU.Build.0 = Release|Any CPU
		{311EB88C-D755-4263-9AAB-A2A13B271E5F}.Release|Mixed Platforms.ActiveCfg = Release|Any CPU
		{311EB88C-D755-4263-9AAB-A2A13B271E5F}.Release|Mixed Platforms.Build.0 = Release|Any CPU
		{311EB88C-D755-4263-9AAB-A2A13B271E5F}.Release|x86.ActiveCfg = Release|Any CPU
		{7033BA0A-1726-4384-BE80-A0438D46A990}.Debug|Any CPU.ActiveCfg = Debug|Any CPU
		{7033BA0A-1726-4384-BE80-A0438D46A990}.Debug|Any CPU.Build.0 = Debug|Any CPU
		{7033BA0A-1726-4384-BE80-A0438D46A990}.Debug|Mixed Platforms.ActiveCfg = Debug|Any CPU
		{7033BA0A-1726-4384-BE80-A0438D46A990}.Debug|Mixed Platforms.Build.0 = Debug|Any CPU
		{7033BA0A-1726-4384-BE80-A0438D46A990}.Debug|x86.ActiveCfg = Debug|Any CPU
		{7033BA0A-1726-4384-BE80-A0438D46A990}.Release|Any CPU.ActiveCfg = Release|Any CPU
		{7033BA0A-1726-4384-BE80-A0438D46A990}.Release|Any CPU.Build.0 = Release|Any CPU
		{7033BA0A-1726-4384-BE80-A0438D46A990}.Release|Mixed Platforms.ActiveCfg = Release|Any CPU
		{7033BA0A-1726-4384-BE80-A0438D46A990}.Release|Mixed Platforms.Build.0 = Release|Any CPU
		{7033BA0A-1726-4384-BE80-A0438D46A990}.Release|x86.ActiveCfg = Release|Any CPU
		{86E47361-89DF-4504-B871-661FA23A1467}.Debug|Any CPU.ActiveCfg = Debug|Any CPU
		{86E47361-89DF-4504-B871-661FA23A1467}.Debug|Any CPU.Build.0 = Debug|Any CPU
		{86E47361-89DF-4504-B871-661FA23A1467}.Debug|Mixed Platforms.ActiveCfg = Debug|Any CPU
		{86E47361-89DF-4504-B871-661FA23A1467}.Debug|Mixed Platforms.Build.0 = Debug|Any CPU
		{86E47361-89DF-4504-B871-661FA23A1467}.Debug|x86.ActiveCfg = Debug|Any CPU
		{86E47361-89DF-4504-B871-661FA23A1467}.Release|Any CPU.ActiveCfg = Release|Any CPU
		{86E47361-89DF-4504-B871-661FA23A1467}.Release|Any CPU.Build.0 = Release|Any CPU
		{86E47361-89DF-4504-B871-661FA23A1467}.Release|Mixed Platforms.ActiveCfg = Release|Any CPU
		{86E47361-89DF-4504-B871-661FA23A1467}.Release|Mixed Platforms.Build.0 = Release|Any CPU
		{86E47361-89DF-4504-B871-661FA23A1467}.Release|x86.ActiveCfg = Release|Any CPU
		{3173AC21-545D-43F6-8A2B-8EF95346F959}.Debug|Any CPU.ActiveCfg = Debug|Any CPU
		{3173AC21-545D-43F6-8A2B-8EF95346F959}.Debug|Any CPU.Build.0 = Debug|Any CPU
		{3173AC21-545D-43F6-8A2B-8EF95346F959}.Debug|Mixed Platforms.ActiveCfg = Debug|Any CPU
		{3173AC21-545D-43F6-8A2B-8EF95346F959}.Debug|Mixed Platforms.Build.0 = Debug|Any CPU
		{3173AC21-545D-43F6-8A2B-8EF95346F959}.Debug|x86.ActiveCfg = Debug|Any CPU
		{3173AC21-545D-43F6-8A2B-8EF95346F959}.Release|Any CPU.ActiveCfg = Release|Any CPU
		{3173AC21-545D-43F6-8A2B-8EF95346F959}.Release|Any CPU.Build.0 = Release|Any CPU
		{3173AC21-545D-43F6-8A2B-8EF95346F959}.Release|Mixed Platforms.ActiveCfg = Release|Any CPU
		{3173AC21-545D-43F6-8A2B-8EF95346F959}.Release|Mixed Platforms.Build.0 = Release|Any CPU
		{3173AC21-545D-43F6-8A2B-8EF95346F959}.Release|x86.ActiveCfg = Release|Any CPU
		{B071AAD1-9C11-44FD-9FF9-715FE83642CE}.Debug|Any CPU.ActiveCfg = Debug|Any CPU
		{B071AAD1-9C11-44FD-9FF9-715FE83642CE}.Debug|Any CPU.Build.0 = Debug|Any CPU
		{B071AAD1-9C11-44FD-9FF9-715FE83642CE}.Debug|Mixed Platforms.ActiveCfg = Debug|Any CPU
		{B071AAD1-9C11-44FD-9FF9-715FE83642CE}.Debug|Mixed Platforms.Build.0 = Debug|Any CPU
		{B071AAD1-9C11-44FD-9FF9-715FE83642CE}.Debug|x86.ActiveCfg = Debug|Any CPU
		{B071AAD1-9C11-44FD-9FF9-715FE83642CE}.Release|Any CPU.ActiveCfg = Release|Any CPU
		{B071AAD1-9C11-44FD-9FF9-715FE83642CE}.Release|Any CPU.Build.0 = Release|Any CPU
		{B071AAD1-9C11-44FD-9FF9-715FE83642CE}.Release|Mixed Platforms.ActiveCfg = Release|Any CPU
		{B071AAD1-9C11-44FD-9FF9-715FE83642CE}.Release|Mixed Platforms.Build.0 = Release|Any CPU
		{B071AAD1-9C11-44FD-9FF9-715FE83642CE}.Release|x86.ActiveCfg = Release|Any CPU
		{D826FBA8-9775-4565-9E58-8469DD1E82AC}.Debug|Any CPU.ActiveCfg = Debug|x86
		{D826FBA8-9775-4565-9E58-8469DD1E82AC}.Debug|Mixed Platforms.ActiveCfg = Debug|x86
		{D826FBA8-9775-4565-9E58-8469DD1E82AC}.Debug|Mixed Platforms.Build.0 = Debug|x86
		{D826FBA8-9775-4565-9E58-8469DD1E82AC}.Debug|x86.ActiveCfg = Debug|x86
		{D826FBA8-9775-4565-9E58-8469DD1E82AC}.Debug|x86.Build.0 = Debug|x86
		{D826FBA8-9775-4565-9E58-8469DD1E82AC}.Release|Any CPU.ActiveCfg = Release|x86
		{D826FBA8-9775-4565-9E58-8469DD1E82AC}.Release|Mixed Platforms.ActiveCfg = Release|x86
		{D826FBA8-9775-4565-9E58-8469DD1E82AC}.Release|Mixed Platforms.Build.0 = Release|x86
		{D826FBA8-9775-4565-9E58-8469DD1E82AC}.Release|x86.ActiveCfg = Release|x86
		{D826FBA8-9775-4565-9E58-8469DD1E82AC}.Release|x86.Build.0 = Release|x86
		{88069E72-9F35-4218-850D-14329D5A7847}.Debug|Any CPU.ActiveCfg = Debug|Any CPU
		{88069E72-9F35-4218-850D-14329D5A7847}.Debug|Any CPU.Build.0 = Debug|Any CPU
		{88069E72-9F35-4218-850D-14329D5A7847}.Debug|Mixed Platforms.ActiveCfg = Debug|Any CPU
		{88069E72-9F35-4218-850D-14329D5A7847}.Debug|Mixed Platforms.Build.0 = Debug|Any CPU
		{88069E72-9F35-4218-850D-14329D5A7847}.Debug|x86.ActiveCfg = Debug|Any CPU
		{88069E72-9F35-4218-850D-14329D5A7847}.Release|Any CPU.ActiveCfg = Release|Any CPU
		{88069E72-9F35-4218-850D-14329D5A7847}.Release|Any CPU.Build.0 = Release|Any CPU
		{88069E72-9F35-4218-850D-14329D5A7847}.Release|Mixed Platforms.ActiveCfg = Release|Any CPU
		{88069E72-9F35-4218-850D-14329D5A7847}.Release|Mixed Platforms.Build.0 = Release|Any CPU
		{88069E72-9F35-4218-850D-14329D5A7847}.Release|x86.ActiveCfg = Release|Any CPU
		{102C4053-4383-4D6E-887F-7DFC5CF1CEC8}.Debug|Any CPU.ActiveCfg = Debug|Any CPU
		{102C4053-4383-4D6E-887F-7DFC5CF1CEC8}.Debug|Any CPU.Build.0 = Debug|Any CPU
		{102C4053-4383-4D6E-887F-7DFC5CF1CEC8}.Debug|Mixed Platforms.ActiveCfg = Debug|Any CPU
		{102C4053-4383-4D6E-887F-7DFC5CF1CEC8}.Debug|Mixed Platforms.Build.0 = Debug|Any CPU
		{102C4053-4383-4D6E-887F-7DFC5CF1CEC8}.Debug|x86.ActiveCfg = Debug|Any CPU
		{102C4053-4383-4D6E-887F-7DFC5CF1CEC8}.Release|Any CPU.ActiveCfg = Release|Any CPU
		{102C4053-4383-4D6E-887F-7DFC5CF1CEC8}.Release|Any CPU.Build.0 = Release|Any CPU
		{102C4053-4383-4D6E-887F-7DFC5CF1CEC8}.Release|Mixed Platforms.ActiveCfg = Release|Any CPU
		{102C4053-4383-4D6E-887F-7DFC5CF1CEC8}.Release|Mixed Platforms.Build.0 = Release|Any CPU
		{102C4053-4383-4D6E-887F-7DFC5CF1CEC8}.Release|x86.ActiveCfg = Release|Any CPU
		{209AC728-B5C5-420D-97F0-40FBB5C7377A}.Debug|Any CPU.ActiveCfg = Debug|Any CPU
		{209AC728-B5C5-420D-97F0-40FBB5C7377A}.Debug|Any CPU.Build.0 = Debug|Any CPU
		{209AC728-B5C5-420D-97F0-40FBB5C7377A}.Debug|Mixed Platforms.ActiveCfg = Debug|Any CPU
		{209AC728-B5C5-420D-97F0-40FBB5C7377A}.Debug|Mixed Platforms.Build.0 = Debug|Any CPU
		{209AC728-B5C5-420D-97F0-40FBB5C7377A}.Debug|x86.ActiveCfg = Debug|Any CPU
		{209AC728-B5C5-420D-97F0-40FBB5C7377A}.Release|Any CPU.ActiveCfg = Release|Any CPU
		{209AC728-B5C5-420D-97F0-40FBB5C7377A}.Release|Any CPU.Build.0 = Release|Any CPU
		{209AC728-B5C5-420D-97F0-40FBB5C7377A}.Release|Mixed Platforms.ActiveCfg = Release|Any CPU
		{209AC728-B5C5-420D-97F0-40FBB5C7377A}.Release|Mixed Platforms.Build.0 = Release|Any CPU
		{209AC728-B5C5-420D-97F0-40FBB5C7377A}.Release|x86.ActiveCfg = Release|Any CPU
		{EEBB66FB-8B6F-4DDA-B820-96FBD669419D}.Debug|Any CPU.ActiveCfg = Debug|Any CPU
		{EEBB66FB-8B6F-4DDA-B820-96FBD669419D}.Debug|Any CPU.Build.0 = Debug|Any CPU
		{EEBB66FB-8B6F-4DDA-B820-96FBD669419D}.Debug|Mixed Platforms.ActiveCfg = Debug|Any CPU
		{EEBB66FB-8B6F-4DDA-B820-96FBD669419D}.Debug|Mixed Platforms.Build.0 = Debug|Any CPU
		{EEBB66FB-8B6F-4DDA-B820-96FBD669419D}.Debug|x86.ActiveCfg = Debug|Any CPU
		{EEBB66FB-8B6F-4DDA-B820-96FBD669419D}.Release|Any CPU.ActiveCfg = Release|Any CPU
		{EEBB66FB-8B6F-4DDA-B820-96FBD669419D}.Release|Any CPU.Build.0 = Release|Any CPU
		{EEBB66FB-8B6F-4DDA-B820-96FBD669419D}.Release|Mixed Platforms.ActiveCfg = Release|Any CPU
		{EEBB66FB-8B6F-4DDA-B820-96FBD669419D}.Release|Mixed Platforms.Build.0 = Release|Any CPU
		{EEBB66FB-8B6F-4DDA-B820-96FBD669419D}.Release|x86.ActiveCfg = Release|Any CPU
		{6E539CF9-D532-4259-AAA1-7A3BE03E03A8}.Debug|Any CPU.ActiveCfg = Debug|Any CPU
		{6E539CF9-D532-4259-AAA1-7A3BE03E03A8}.Debug|Any CPU.Build.0 = Debug|Any CPU
		{6E539CF9-D532-4259-AAA1-7A3BE03E03A8}.Debug|Mixed Platforms.ActiveCfg = Debug|Any CPU
		{6E539CF9-D532-4259-AAA1-7A3BE03E03A8}.Debug|Mixed Platforms.Build.0 = Debug|Any CPU
		{6E539CF9-D532-4259-AAA1-7A3BE03E03A8}.Debug|x86.ActiveCfg = Debug|Any CPU
		{6E539CF9-D532-4259-AAA1-7A3BE03E03A8}.Release|Any CPU.ActiveCfg = Release|Any CPU
		{6E539CF9-D532-4259-AAA1-7A3BE03E03A8}.Release|Any CPU.Build.0 = Release|Any CPU
		{6E539CF9-D532-4259-AAA1-7A3BE03E03A8}.Release|Mixed Platforms.ActiveCfg = Release|Any CPU
		{6E539CF9-D532-4259-AAA1-7A3BE03E03A8}.Release|Mixed Platforms.Build.0 = Release|Any CPU
		{6E539CF9-D532-4259-AAA1-7A3BE03E03A8}.Release|x86.ActiveCfg = Release|Any CPU
		{6BF843B2-EE5D-421F-A67A-3442B36FB890}.Debug|Any CPU.ActiveCfg = Debug|Any CPU
		{6BF843B2-EE5D-421F-A67A-3442B36FB890}.Debug|Any CPU.Build.0 = Debug|Any CPU
		{6BF843B2-EE5D-421F-A67A-3442B36FB890}.Debug|Mixed Platforms.ActiveCfg = Debug|Any CPU
		{6BF843B2-EE5D-421F-A67A-3442B36FB890}.Debug|Mixed Platforms.Build.0 = Debug|Any CPU
		{6BF843B2-EE5D-421F-A67A-3442B36FB890}.Debug|x86.ActiveCfg = Debug|Any CPU
		{6BF843B2-EE5D-421F-A67A-3442B36FB890}.Release|Any CPU.ActiveCfg = Release|Any CPU
		{6BF843B2-EE5D-421F-A67A-3442B36FB890}.Release|Any CPU.Build.0 = Release|Any CPU
		{6BF843B2-EE5D-421F-A67A-3442B36FB890}.Release|Mixed Platforms.ActiveCfg = Release|Any CPU
		{6BF843B2-EE5D-421F-A67A-3442B36FB890}.Release|Mixed Platforms.Build.0 = Release|Any CPU
		{6BF843B2-EE5D-421F-A67A-3442B36FB890}.Release|x86.ActiveCfg = Release|Any CPU
		{524BA772-6D4E-4A94-94EB-9C63110F1A3A}.Debug|Any CPU.ActiveCfg = Debug|Any CPU
		{524BA772-6D4E-4A94-94EB-9C63110F1A3A}.Debug|Any CPU.Build.0 = Debug|Any CPU
		{524BA772-6D4E-4A94-94EB-9C63110F1A3A}.Debug|Mixed Platforms.ActiveCfg = Debug|Any CPU
		{524BA772-6D4E-4A94-94EB-9C63110F1A3A}.Debug|Mixed Platforms.Build.0 = Debug|Any CPU
		{524BA772-6D4E-4A94-94EB-9C63110F1A3A}.Debug|x86.ActiveCfg = Debug|Any CPU
		{524BA772-6D4E-4A94-94EB-9C63110F1A3A}.Release|Any CPU.ActiveCfg = Release|Any CPU
		{524BA772-6D4E-4A94-94EB-9C63110F1A3A}.Release|Any CPU.Build.0 = Release|Any CPU
		{524BA772-6D4E-4A94-94EB-9C63110F1A3A}.Release|Mixed Platforms.ActiveCfg = Release|Any CPU
		{524BA772-6D4E-4A94-94EB-9C63110F1A3A}.Release|Mixed Platforms.Build.0 = Release|Any CPU
		{524BA772-6D4E-4A94-94EB-9C63110F1A3A}.Release|x86.ActiveCfg = Release|Any CPU
		{154179C0-F89C-468A-A3A6-9DCE6553BB39}.Debug|Any CPU.ActiveCfg = Debug|Any CPU
		{154179C0-F89C-468A-A3A6-9DCE6553BB39}.Debug|Any CPU.Build.0 = Debug|Any CPU
		{154179C0-F89C-468A-A3A6-9DCE6553BB39}.Debug|Mixed Platforms.ActiveCfg = Debug|Any CPU
		{154179C0-F89C-468A-A3A6-9DCE6553BB39}.Debug|Mixed Platforms.Build.0 = Debug|Any CPU
		{154179C0-F89C-468A-A3A6-9DCE6553BB39}.Debug|x86.ActiveCfg = Debug|Any CPU
		{154179C0-F89C-468A-A3A6-9DCE6553BB39}.Release|Any CPU.ActiveCfg = Release|Any CPU
		{154179C0-F89C-468A-A3A6-9DCE6553BB39}.Release|Any CPU.Build.0 = Release|Any CPU
		{154179C0-F89C-468A-A3A6-9DCE6553BB39}.Release|Mixed Platforms.ActiveCfg = Release|Any CPU
		{154179C0-F89C-468A-A3A6-9DCE6553BB39}.Release|Mixed Platforms.Build.0 = Release|Any CPU
		{154179C0-F89C-468A-A3A6-9DCE6553BB39}.Release|x86.ActiveCfg = Release|Any CPU
		{CBCEBFF9-E053-4B4C-A20B-FFE3DA77F652}.Debug|Any CPU.ActiveCfg = Debug|Any CPU
		{CBCEBFF9-E053-4B4C-A20B-FFE3DA77F652}.Debug|Any CPU.Build.0 = Debug|Any CPU
		{CBCEBFF9-E053-4B4C-A20B-FFE3DA77F652}.Debug|Mixed Platforms.ActiveCfg = Debug|Any CPU
		{CBCEBFF9-E053-4B4C-A20B-FFE3DA77F652}.Debug|Mixed Platforms.Build.0 = Debug|Any CPU
		{CBCEBFF9-E053-4B4C-A20B-FFE3DA77F652}.Debug|x86.ActiveCfg = Debug|Any CPU
		{CBCEBFF9-E053-4B4C-A20B-FFE3DA77F652}.Release|Any CPU.ActiveCfg = Release|Any CPU
		{CBCEBFF9-E053-4B4C-A20B-FFE3DA77F652}.Release|Any CPU.Build.0 = Release|Any CPU
		{CBCEBFF9-E053-4B4C-A20B-FFE3DA77F652}.Release|Mixed Platforms.ActiveCfg = Release|Any CPU
		{CBCEBFF9-E053-4B4C-A20B-FFE3DA77F652}.Release|Mixed Platforms.Build.0 = Release|Any CPU
		{CBCEBFF9-E053-4B4C-A20B-FFE3DA77F652}.Release|x86.ActiveCfg = Release|Any CPU
	EndGlobalSection
	GlobalSection(SolutionProperties) = preSolution
		HideSolutionNode = FALSE
	EndGlobalSection
	GlobalSection(NestedProjects) = preSolution
		{E270F55F-0084-4B94-B970-10B8C9093290} = {000279C5-3A1D-4892-A341-CD50F0614E74}
		{93EAC204-8910-45AE-95A4-DE1227ED2010} = {D30290EB-E4E8-4CAD-A768-D3578F299CAC}
		{19D5FBC9-96B5-421E-8A86-86B1ACF353F0} = {D30290EB-E4E8-4CAD-A768-D3578F299CAC}
		{657689A6-F4A2-402E-855C-A9B3605C8199} = {D30290EB-E4E8-4CAD-A768-D3578F299CAC}
		{44BDBA1E-19AF-475E-8ED3-A947909D704E} = {0E3E6966-151B-4522-822F-CAE270FB8226}
		{B6D75A6F-272D-4E5B-AB76-C4028ECFC25D} = {0E3E6966-151B-4522-822F-CAE270FB8226}
		{09758771-D21E-468C-96F5-0F340E07EF74} = {48D5E27E-2219-4F26-905B-1D58EA5DDF5D}
		{D826FBA8-9775-4565-9E58-8469DD1E82AC} = {48D5E27E-2219-4F26-905B-1D58EA5DDF5D}
		{1F35ADE9-9A99-418D-83DC-4E490544AB94} = {2730893D-261B-4A61-8795-187F0D2CCBA2}
		{EC3A05EC-A002-4367-9050-A27FF9C620F8} = {2730893D-261B-4A61-8795-187F0D2CCBA2}
		{154179C0-F89C-468A-A3A6-9DCE6553BB39} = {2730893D-261B-4A61-8795-187F0D2CCBA2}
		{7033BA0A-1726-4384-BE80-A0438D46A990} = {FE0B55C6-1A75-4783-9957-61FADEF22F7E}
		{B071AAD1-9C11-44FD-9FF9-715FE83642CE} = {FE0B55C6-1A75-4783-9957-61FADEF22F7E}
		{88069E72-9F35-4218-850D-14329D5A7847} = {FE0B55C6-1A75-4783-9957-61FADEF22F7E}
		{102C4053-4383-4D6E-887F-7DFC5CF1CEC8} = {FE0B55C6-1A75-4783-9957-61FADEF22F7E}
		{7109BEC9-F992-4C0B-AA4D-9E264FBF1665} = {19D5FBC9-96B5-421E-8A86-86B1ACF353F0}
		{58FCC3A6-B182-4C2B-8273-E25171ABB5BD} = {19D5FBC9-96B5-421E-8A86-86B1ACF353F0}
		{3173AC21-545D-43F6-8A2B-8EF95346F959} = {19D5FBC9-96B5-421E-8A86-86B1ACF353F0}
		{311EB88C-D755-4263-9AAB-A2A13B271E5F} = {657689A6-F4A2-402E-855C-A9B3605C8199}
		{86E47361-89DF-4504-B871-661FA23A1467} = {B6D75A6F-272D-4E5B-AB76-C4028ECFC25D}
		{209AC728-B5C5-420D-97F0-40FBB5C7377A} = {47B1B01A-1CD6-4676-BD1F-09EBB11581C9}
		{EEBB66FB-8B6F-4DDA-B820-96FBD669419D} = {47B1B01A-1CD6-4676-BD1F-09EBB11581C9}
		{6E539CF9-D532-4259-AAA1-7A3BE03E03A8} = {47B1B01A-1CD6-4676-BD1F-09EBB11581C9}
		{6BF843B2-EE5D-421F-A67A-3442B36FB890} = {47B1B01A-1CD6-4676-BD1F-09EBB11581C9}
		{524BA772-6D4E-4A94-94EB-9C63110F1A3A} = {47B1B01A-1CD6-4676-BD1F-09EBB11581C9}
		{CBCEBFF9-E053-4B4C-A20B-FFE3DA77F652} = {47B1B01A-1CD6-4676-BD1F-09EBB11581C9}
	EndGlobalSection
EndGlobal
